lockfileVersion: '9.0'

settings:
  autoInstallPeers: true
  excludeLinksFromLockfile: false

importers:

  .:
    dependencies:
      lucide-react:
        specifier: ^0.471.0
        version: 0.471.0(react@19.0.0)

packages:

  lucide-react@0.471.0:
    resolution: {integrity: sha512-3L0OOJClsKDETJGK7nABqW8ftaVmUjWzluzPpw/6dGdI1bOmzsLsCjZpAEpg24Xs/U7xdYveQU+CBkHxWy7MrA==}
    peerDependencies:
      react: ^16.5.1 || ^17.0.0 || ^18.0.0 || ^19.0.0

  react@19.0.0:
    resolution: {integrity: sha512-V8AVnmPIICiWpGfm6GLzCR/W5FXLchHop40W4nXBmdlEceh16rCN8O8LNWm5bh5XUX91fh7KpA+W0TgMKmgTpQ==}
    engines: {node: '>=0.10.0'}

snapshots:

  lucide-react@0.471.0(react@19.0.0):
    dependencies:
      react: 19.0.0

  react@19.0.0: {}
